
Microsoft Visual Studio Solution File, Format Version 12.00
# Visual Studio 14
VisualStudioVersion = 14.0.25420.1
MinimumVisualStudioVersion = 10.0.40219.1
Project("{FAE04EC0-301F-11D3-BF4B-00C04F79EFBC}") = "DeckOfCards", "DeckOfCards\DeckOfCards.csproj", "{41C0FAD8-A0F7-4939-A9B8-46082972BD1D}"
EndProject
Project("{FAE04EC0-301F-11D3-BF4B-00C04F79EFBC}") = "DeckOfCards.Test", "DeckOfCards.Test\DeckOfCards.Test.csproj", "{1CF4055C-8079-4096-8F5A-F19875A6E82D}"
EndProject
Global
	GlobalSection(SolutionConfigurationPlatforms) = preSolution
		Debug|Any CPU = Debug|Any CPU
		Release|Any CPU = Release|Any CPU
	EndGlobalSection
	GlobalSection(ProjectConfigurationPlatforms) = postSolution
		{41C0FAD8-A0F7-4939-A9B8-46082972BD1D}.Debug|Any CPU.ActiveCfg = Debug|Any CPU
		{41C0FAD8-A0F7-4939-A9B8-46082972BD1D}.Debug|Any CPU.Build.0 = Debug|Any CPU
		{41C0FAD8-A0F7-4939-A9B8-46082972BD1D}.Release|Any CPU.ActiveCfg = Release|Any CPU
		{41C0FAD8-A0F7-4939-A9B8-46082972BD1D}.Release|Any CPU.Build.0 = Release|Any CPU
		{1CF4055C-8079-4096-8F5A-F19875A6E82D}.Debug|Any CPU.ActiveCfg = Debug|Any CPU
		{1CF4055C-8079-4096-8F5A-F19875A6E82D}.Debug|Any CPU.Build.0 = Debug|Any CPU
		{1CF4055C-8079-4096-8F5A-F19875A6E82D}.Release|Any CPU.ActiveCfg = Release|Any CPU
		{1CF4055C-8079-4096-8F5A-F19875A6E82D}.Release|Any CPU.Build.0 = Release|Any CPU
	EndGlobalSection
	GlobalSection(SolutionProperties) = preSolution
		HideSolutionNode = FALSE
	EndGlobalSection
EndGlobal
